// !$*UTF8*$!
{
	archiveVersion = 1;
	classes = {
	};
	objectVersion = 48;
	objects = {

/* Begin PBXBuildFile section */
		328EC469DAB13DB13A3678F5 /* libPods-TravelMate.a in Frameworks */ = {isa = PBXBuildFile; fileRef = 001C257E8470622F056DC155 /* libPods-TravelMate.a */; };
		966531861FB060E300AE85CA /* AppDelegate.swift in Sources */ = {isa = PBXBuildFile; fileRef = 966531851FB060E300AE85CA /* AppDelegate.swift */; };
		966531881FB060E300AE85CA /* ViewController.swift in Sources */ = {isa = PBXBuildFile; fileRef = 966531871FB060E300AE85CA /* ViewController.swift */; };
		9665318B1FB060E300AE85CA /* Main.storyboard in Resources */ = {isa = PBXBuildFile; fileRef = 966531891FB060E300AE85CA /* Main.storyboard */; };
		9665318E1FB060E300AE85CA /* TravelMate.xcdatamodeld in Sources */ = {isa = PBXBuildFile; fileRef = 9665318C1FB060E300AE85CA /* TravelMate.xcdatamodeld */; };
		966531901FB060E300AE85CA /* Assets.xcassets in Resources */ = {isa = PBXBuildFile; fileRef = 9665318F1FB060E300AE85CA /* Assets.xcassets */; };
		966531931FB060E300AE85CA /* LaunchScreen.storyboard in Resources */ = {isa = PBXBuildFile; fileRef = 966531911FB060E300AE85CA /* LaunchScreen.storyboard */; };
		9665319E1FB060E300AE85CA /* TravelMateTests.swift in Sources */ = {isa = PBXBuildFile; fileRef = 9665319D1FB060E300AE85CA /* TravelMateTests.swift */; };
		966531A91FB060E300AE85CA /* TravelMateUITests.swift in Sources */ = {isa = PBXBuildFile; fileRef = 966531A81FB060E300AE85CA /* TravelMateUITests.swift */; };
		966531B71FB08E6300AE85CA /* Podfile in Resources */ = {isa = PBXBuildFile; fileRef = 966531B61FB08E6300AE85CA /* Podfile */; };
		96CAAE0D1FB2FBCE00FA4E82 /* moreMenu.swift in Sources */ = {isa = PBXBuildFile; fileRef = 96CAAE0C1FB2FBCE00FA4E82 /* moreMenu.swift */; };
		96CAAE0F1FB4204800FA4E82 /* SettingCell.swift in Sources */ = {isa = PBXBuildFile; fileRef = 96CAAE0E1FB4204800FA4E82 /* SettingCell.swift */; };
		96DB89E61FB67FFF00C9BF66 /* NearbyPlaces.swift in Sources */ = {isa = PBXBuildFile; fileRef = 96DB89E51FB67FFF00C9BF66 /* NearbyPlaces.swift */; };
/* End PBXBuildFile section */

/* Begin PBXContainerItemProxy section */
		9665319A1FB060E300AE85CA /* PBXContainerItemProxy */ = {
			isa = PBXContainerItemProxy;
			containerPortal = 9665317A1FB060E300AE85CA /* Project object */;
			proxyType = 1;
			remoteGlobalIDString = 966531811FB060E300AE85CA;
			remoteInfo = TravelMate;
		};
		966531A51FB060E300AE85CA /* PBXContainerItemProxy */ = {
			isa = PBXContainerItemProxy;
			containerPortal = 9665317A1FB060E300AE85CA /* Project object */;
			proxyType = 1;
			remoteGlobalIDString = 966531811FB060E300AE85CA;
			remoteInfo = TravelMate;
		};
/* End PBXContainerItemProxy section */

/* Begin PBXFileReference section */
		001C257E8470622F056DC155 /* libPods-TravelMate.a */ = {isa = PBXFileReference; explicitFileType = archive.ar; includeInIndex = 0; path = "libPods-TravelMate.a"; sourceTree = BUILT_PRODUCTS_DIR; };
		290A2E65B3E6FB35E4298FFE /* Pods-TravelMate.release.xcconfig */ = {isa = PBXFileReference; includeInIndex = 1; lastKnownFileType = text.xcconfig; name = "Pods-TravelMate.release.xcconfig"; path = "Pods/Target Support Files/Pods-TravelMate/Pods-TravelMate.release.xcconfig"; sourceTree = "<group>"; };
		966531821FB060E300AE85CA /* TravelMate.app */ = {isa = PBXFileReference; explicitFileType = wrapper.application; includeInIndex = 0; path = TravelMate.app; sourceTree = BUILT_PRODUCTS_DIR; };
		966531851FB060E300AE85CA /* AppDelegate.swift */ = {isa = PBXFileReference; lastKnownFileType = sourcecode.swift; path = AppDelegate.swift; sourceTree = "<group>"; };
		966531871FB060E300AE85CA /* ViewController.swift */ = {isa = PBXFileReference; lastKnownFileType = sourcecode.swift; path = ViewController.swift; sourceTree = "<group>"; };
		9665318A1FB060E300AE85CA /* Base */ = {isa = PBXFileReference; lastKnownFileType = file.storyboard; name = Base; path = Base.lproj/Main.storyboard; sourceTree = "<group>"; };
		9665318D1FB060E300AE85CA /* TravelMate.xcdatamodel */ = {isa = PBXFileReference; lastKnownFileType = wrapper.xcdatamodel; path = TravelMate.xcdatamodel; sourceTree = "<group>"; };
		9665318F1FB060E300AE85CA /* Assets.xcassets */ = {isa = PBXFileReference; lastKnownFileType = folder.assetcatalog; path = Assets.xcassets; sourceTree = "<group>"; };
		966531921FB060E300AE85CA /* Base */ = {isa = PBXFileReference; lastKnownFileType = file.storyboard; name = Base; path = Base.lproj/LaunchScreen.storyboard; sourceTree = "<group>"; };
		966531941FB060E300AE85CA /* Info.plist */ = {isa = PBXFileReference; lastKnownFileType = text.plist.xml; path = Info.plist; sourceTree = "<group>"; };
		966531991FB060E300AE85CA /* TravelMateTests.xctest */ = {isa = PBXFileReference; explicitFileType = wrapper.cfbundle; includeInIndex = 0; path = TravelMateTests.xctest; sourceTree = BUILT_PRODUCTS_DIR; };
		9665319D1FB060E300AE85CA /* TravelMateTests.swift */ = {isa = PBXFileReference; lastKnownFileType = sourcecode.swift; path = TravelMateTests.swift; sourceTree = "<group>"; };
		9665319F1FB060E300AE85CA /* Info.plist */ = {isa = PBXFileReference; lastKnownFileType = text.plist.xml; path = Info.plist; sourceTree = "<group>"; };
		966531A41FB060E300AE85CA /* TravelMateUITests.xctest */ = {isa = PBXFileReference; explicitFileType = wrapper.cfbundle; includeInIndex = 0; path = TravelMateUITests.xctest; sourceTree = BUILT_PRODUCTS_DIR; };
		966531A81FB060E300AE85CA /* TravelMateUITests.swift */ = {isa = PBXFileReference; lastKnownFileType = sourcecode.swift; path = TravelMateUITests.swift; sourceTree = "<group>"; };
		966531AA1FB060E300AE85CA /* Info.plist */ = {isa = PBXFileReference; lastKnownFileType = text.plist.xml; path = Info.plist; sourceTree = "<group>"; };
		966531B61FB08E6300AE85CA /* Podfile */ = {isa = PBXFileReference; lastKnownFileType = text; path = Podfile; sourceTree = "<group>"; };
		96C1F4EC5DE512025AF35C0C /* Pods-TravelMate.debug.xcconfig */ = {isa = PBXFileReference; includeInIndex = 1; lastKnownFileType = text.xcconfig; name = "Pods-TravelMate.debug.xcconfig"; path = "Pods/Target Support Files/Pods-TravelMate/Pods-TravelMate.debug.xcconfig"; sourceTree = "<group>"; };
		96CAAE0C1FB2FBCE00FA4E82 /* moreMenu.swift */ = {isa = PBXFileReference; lastKnownFileType = sourcecode.swift; path = moreMenu.swift; sourceTree = "<group>"; };
		96CAAE0E1FB4204800FA4E82 /* SettingCell.swift */ = {isa = PBXFileReference; lastKnownFileType = sourcecode.swift; path = SettingCell.swift; sourceTree = "<group>"; };
		96DB89E51FB67FFF00C9BF66 /* NearbyPlaces.swift */ = {isa = PBXFileReference; lastKnownFileType = sourcecode.swift; path = NearbyPlaces.swift; sourceTree = "<group>"; };
/* End PBXFileReference section */

/* Begin PBXFrameworksBuildPhase section */
		9665317F1FB060E300AE85CA /* Frameworks */ = {
			isa = PBXFrameworksBuildPhase;
			buildActionMask = 2147483647;
			files = (
				328EC469DAB13DB13A3678F5 /* libPods-TravelMate.a in Frameworks */,
			);
			runOnlyForDeploymentPostprocessing = 0;
		};
		966531961FB060E300AE85CA /* Frameworks */ = {
			isa = PBXFrameworksBuildPhase;
			buildActionMask = 2147483647;
			files = (
			);
			runOnlyForDeploymentPostprocessing = 0;
		};
		966531A11FB060E300AE85CA /* Frameworks */ = {
			isa = PBXFrameworksBuildPhase;
			buildActionMask = 2147483647;
			files = (
			);
			runOnlyForDeploymentPostprocessing = 0;
		};
/* End PBXFrameworksBuildPhase section */

/* Begin PBXGroup section */
		06A344A04BFCEFAEA6590F0C /* Frameworks */ = {
			isa = PBXGroup;
			children = (
				001C257E8470622F056DC155 /* libPods-TravelMate.a */,
			);
			name = Frameworks;
			sourceTree = "<group>";
		};
		10025877D896E95549E73FB8 /* Pods */ = {
			isa = PBXGroup;
			children = (
				96C1F4EC5DE512025AF35C0C /* Pods-TravelMate.debug.xcconfig */,
				290A2E65B3E6FB35E4298FFE /* Pods-TravelMate.release.xcconfig */,
			);
			name = Pods;
			sourceTree = "<group>";
		};
		966531791FB060E300AE85CA = {
			isa = PBXGroup;
			children = (
				966531B61FB08E6300AE85CA /* Podfile */,
				966531841FB060E300AE85CA /* TravelMate */,
				9665319C1FB060E300AE85CA /* TravelMateTests */,
				966531A71FB060E300AE85CA /* TravelMateUITests */,
				966531831FB060E300AE85CA /* Products */,
				10025877D896E95549E73FB8 /* Pods */,
				06A344A04BFCEFAEA6590F0C /* Frameworks */,
			);
			sourceTree = "<group>";
		};
		966531831FB060E300AE85CA /* Products */ = {
			isa = PBXGroup;
			children = (
				966531821FB060E300AE85CA /* TravelMate.app */,
				966531991FB060E300AE85CA /* TravelMateTests.xctest */,
				966531A41FB060E300AE85CA /* TravelMateUITests.xctest */,
			);
			name = Products;
			sourceTree = "<group>";
		};
		966531841FB060E300AE85CA /* TravelMate */ = {
			isa = PBXGroup;
			children = (
				96CAAE0B1FB2EF7C00FA4E82 /* Controller */,
				96CAAE0A1FB2EF7000FA4E82 /* View */,
				96CAAE091FB2EF6C00FA4E82 /* Model */,
				96CAAE081FB2EF5F00FA4E82 /* Assets */,
				966531851FB060E300AE85CA /* AppDelegate.swift */,
				966531941FB060E300AE85CA /* Info.plist */,
				9665318C1FB060E300AE85CA /* TravelMate.xcdatamodeld */,
			);
			path = TravelMate;
			sourceTree = "<group>";
		};
		9665319C1FB060E300AE85CA /* TravelMateTests */ = {
			isa = PBXGroup;
			children = (
				9665319D1FB060E300AE85CA /* TravelMateTests.swift */,
				9665319F1FB060E300AE85CA /* Info.plist */,
			);
			path = TravelMateTests;
			sourceTree = "<group>";
		};
		966531A71FB060E300AE85CA /* TravelMateUITests */ = {
			isa = PBXGroup;
			children = (
				966531A81FB060E300AE85CA /* TravelMateUITests.swift */,
				966531AA1FB060E300AE85CA /* Info.plist */,
			);
			path = TravelMateUITests;
			sourceTree = "<group>";
		};
		96CAAE081FB2EF5F00FA4E82 /* Assets */ = {
			isa = PBXGroup;
			children = (
				9665318F1FB060E300AE85CA /* Assets.xcassets */,
			);
			path = Assets;
			sourceTree = "<group>";
		};
		96CAAE091FB2EF6C00FA4E82 /* Model */ = {
			isa = PBXGroup;
			children = (
			);
			path = Model;
			sourceTree = "<group>";
		};
		96CAAE0A1FB2EF7000FA4E82 /* View */ = {
			isa = PBXGroup;
			children = (
				966531891FB060E300AE85CA /* Main.storyboard */,
				966531911FB060E300AE85CA /* LaunchScreen.storyboard */,
				96CAAE0E1FB4204800FA4E82 /* SettingCell.swift */,
			);
			path = View;
			sourceTree = "<group>";
		};
		96CAAE0B1FB2EF7C00FA4E82 /* Controller */ = {
			isa = PBXGroup;
			children = (
				966531871FB060E300AE85CA /* ViewController.swift */,
				96CAAE0C1FB2FBCE00FA4E82 /* moreMenu.swift */,
				96DB89E51FB67FFF00C9BF66 /* NearbyPlaces.swift */,
			);
			path = Controller;
			sourceTree = "<group>";
		};
/* End PBXGroup section */

/* Begin PBXNativeTarget section */
		966531811FB060E300AE85CA /* TravelMate */ = {
			isa = PBXNativeTarget;
			buildConfigurationList = 966531AD1FB060E300AE85CA /* Build configuration list for PBXNativeTarget "TravelMate" */;
			buildPhases = (
				21D93D8FD14BE2660BCB0CBD /* [CP] Check Pods Manifest.lock */,
				9665317E1FB060E300AE85CA /* Sources */,
				9665317F1FB060E300AE85CA /* Frameworks */,
				966531801FB060E300AE85CA /* Resources */,
				1D00807C4259A1867A4A42D7 /* [CP] Embed Pods Frameworks */,
				8C39D4493B61AF546DA7BFA8 /* [CP] Copy Pods Resources */,
			);
			buildRules = (
			);
			dependencies = (
			);
			name = TravelMate;
			productName = TravelMate;
			productReference = 966531821FB060E300AE85CA /* TravelMate.app */;
			productType = "com.apple.product-type.application";
		};
		966531981FB060E300AE85CA /* TravelMateTests */ = {
			isa = PBXNativeTarget;
			buildConfigurationList = 966531B01FB060E300AE85CA /* Build configuration list for PBXNativeTarget "TravelMateTests" */;
			buildPhases = (
				966531951FB060E300AE85CA /* Sources */,
				966531961FB060E300AE85CA /* Frameworks */,
				966531971FB060E300AE85CA /* Resources */,
			);
			buildRules = (
			);
			dependencies = (
				9665319B1FB060E300AE85CA /* PBXTargetDependency */,
			);
			name = TravelMateTests;
			productName = TravelMateTests;
			productReference = 966531991FB060E300AE85CA /* TravelMateTests.xctest */;
			productType = "com.apple.product-type.bundle.unit-test";
		};
		966531A31FB060E300AE85CA /* TravelMateUITests */ = {
			isa = PBXNativeTarget;
			buildConfigurationList = 966531B31FB060E300AE85CA /* Build configuration list for PBXNativeTarget "TravelMateUITests" */;
			buildPhases = (
				966531A01FB060E300AE85CA /* Sources */,
				966531A11FB060E300AE85CA /* Frameworks */,
				966531A21FB060E300AE85CA /* Resources */,
			);
			buildRules = (
			);
			dependencies = (
				966531A61FB060E300AE85CA /* PBXTargetDependency */,
			);
			name = TravelMateUITests;
			productName = TravelMateUITests;
			productReference = 966531A41FB060E300AE85CA /* TravelMateUITests.xctest */;
			productType = "com.apple.product-type.bundle.ui-testing";
		};
/* End PBXNativeTarget section */

/* Begin PBXProject section */
		9665317A1FB060E300AE85CA /* Project object */ = {
			isa = PBXProject;
			attributes = {
				LastSwiftUpdateCheck = 0910;
				LastUpgradeCheck = 0910;
				ORGANIZATIONNAME = DingandJi;
				TargetAttributes = {
					966531811FB060E300AE85CA = {
						CreatedOnToolsVersion = 9.1;
						ProvisioningStyle = Automatic;
					};
					966531981FB060E300AE85CA = {
						CreatedOnToolsVersion = 9.1;
						ProvisioningStyle = Automatic;
						TestTargetID = 966531811FB060E300AE85CA;
					};
					966531A31FB060E300AE85CA = {
						CreatedOnToolsVersion = 9.1;
						ProvisioningStyle = Automatic;
						TestTargetID = 966531811FB060E300AE85CA;
					};
				};
			};
			buildConfigurationList = 9665317D1FB060E300AE85CA /* Build configuration list for PBXProject "TravelMate" */;
			compatibilityVersion = "Xcode 8.0";
			developmentRegion = en;
			hasScannedForEncodings = 0;
			knownRegions = (
				en,
				Base,
			);
			mainGroup = 966531791FB060E300AE85CA;
			productRefGroup = 966531831FB060E300AE85CA /* Products */;
			projectDirPath = "";
			projectRoot = "";
			targets = (
				966531811FB060E300AE85CA /* TravelMate */,
				966531981FB060E300AE85CA /* TravelMateTests */,
				966531A31FB060E300AE85CA /* TravelMateUITests */,
			);
		};
/* End PBXProject section */

/* Begin PBXResourcesBuildPhase section */
		966531801FB060E300AE85CA /* Resources */ = {
			isa = PBXResourcesBuildPhase;
			buildActionMask = 2147483647;
			files = (
				966531931FB060E300AE85CA /* LaunchScreen.storyboard in Resources */,
				966531901FB060E300AE85CA /* Assets.xcassets in Resources */,
				966531B71FB08E6300AE85CA /* Podfile in Resources */,
				9665318B1FB060E300AE85CA /* Main.storyboard in Resources */,
			);
			runOnlyForDeploymentPostprocessing = 0;
		};
		966531971FB060E300AE85CA /* Resources */ = {
			isa = PBXResourcesBuildPhase;
			buildActionMask = 2147483647;
			files = (
			);
			runOnlyForDeploymentPostprocessing = 0;
		};
		966531A21FB060E300AE85CA /* Resources */ = {
			isa = PBXResourcesBuildPhase;
			buildActionMask = 2147483647;
			files = (
			);
			runOnlyForDeploymentPostprocessing = 0;
		};
/* End PBXResourcesBuildPhase section */

/* Begin PBXShellScriptBuildPhase section */
		1D00807C4259A1867A4A42D7 /* [CP] Embed Pods Frameworks */ = {
			isa = PBXShellScriptBuildPhase;
			buildActionMask = 2147483647;
			files = (
			);
			inputPaths = (
			);
			name = "[CP] Embed Pods Frameworks";
			outputPaths = (
			);
			runOnlyForDeploymentPostprocessing = 0;
			shellPath = /bin/sh;
			shellScript = "\"${SRCROOT}/Pods/Target Support Files/Pods-TravelMate/Pods-TravelMate-frameworks.sh\"\n";
			showEnvVarsInLog = 0;
		};
		21D93D8FD14BE2660BCB0CBD /* [CP] Check Pods Manifest.lock */ = {
			isa = PBXShellScriptBuildPhase;
			buildActionMask = 2147483647;
			files = (
			);
			inputPaths = (
				"${PODS_PODFILE_DIR_PATH}/Podfile.lock",
				"${PODS_ROOT}/Manifest.lock",
			);
			name = "[CP] Check Pods Manifest.lock";
			outputPaths = (
				"$(DERIVED_FILE_DIR)/Pods-TravelMate-checkManifestLockResult.txt",
			);
			runOnlyForDeploymentPostprocessing = 0;
			shellPath = /bin/sh;
			shellScript = "diff \"${PODS_PODFILE_DIR_PATH}/Podfile.lock\" \"${PODS_ROOT}/Manifest.lock\" > /dev/null\nif [ $? != 0 ] ; then\n    # print error to STDERR\n    echo \"error: The sandbox is not in sync with the Podfile.lock. Run 'pod install' or update your CocoaPods installation.\" >&2\n    exit 1\nfi\n# This output is used by Xcode 'outputs' to avoid re-running this script phase.\necho \"SUCCESS\" > \"${SCRIPT_OUTPUT_FILE_0}\"\n";
			showEnvVarsInLog = 0;
		};
		8C39D4493B61AF546DA7BFA8 /* [CP] Copy Pods Resources */ = {
			isa = PBXShellScriptBuildPhase;
			buildActionMask = 2147483647;
			files = (
			);
			inputPaths = (
				"${SRCROOT}/Pods/Target Support Files/Pods-TravelMate/Pods-TravelMate-resources.sh",
				"${PODS_ROOT}/GoogleMaps/Maps/Frameworks/GoogleMaps.framework/Resources/GoogleMaps.bundle",
				"${PODS_ROOT}/GooglePlaces/Frameworks/GooglePlaces.framework/Resources/GooglePlaces.bundle",
			);
			name = "[CP] Copy Pods Resources";
			outputPaths = (
				"${TARGET_BUILD_DIR}/${UNLOCALIZED_RESOURCES_FOLDER_PATH}",
			);
			runOnlyForDeploymentPostprocessing = 0;
			shellPath = /bin/sh;
			shellScript = "\"${SRCROOT}/Pods/Target Support Files/Pods-TravelMate/Pods-TravelMate-resources.sh\"\n";
			showEnvVarsInLog = 0;
		};
/* End PBXShellScriptBuildPhase section */

/* Begin PBXSourcesBuildPhase section */
		9665317E1FB060E300AE85CA /* Sources */ = {
			isa = PBXSourcesBuildPhase;
			buildActionMask = 2147483647;
			files = (
				9665318E1FB060E300AE85CA /* TravelMate.xcdatamodeld in Sources */,
				96CAAE0F1FB4204800FA4E82 /* SettingCell.swift in Sources */,
				966531881FB060E300AE85CA /* ViewController.swift in Sources */,
				966531861FB060E300AE85CA /* AppDelegate.swift in Sources */,
				96DB89E61FB67FFF00C9BF66 /* NearbyPlaces.swift in Sources */,
				96CAAE0D1FB2FBCE00FA4E82 /* moreMenu.swift in Sources */,
			);
			runOnlyForDeploymentPostprocessing = 0;
		};
		966531951FB060E300AE85CA /* Sources */ = {
			isa = PBXSourcesBuildPhase;
			buildActionMask = 2147483647;
			files = (
				9665319E1FB060E300AE85CA /* TravelMateTests.swift in Sources */,
			);
			runOnlyForDeploymentPostprocessing = 0;
		};
		966531A01FB060E300AE85CA /* Sources */ = {
			isa = PBXSourcesBuildPhase;
			buildActionMask = 2147483647;
			files = (
				966531A91FB060E300AE85CA /* TravelMateUITests.swift in Sources */,
			);
			runOnlyForDeploymentPostprocessing = 0;
		};
/* End PBXSourcesBuildPhase section */

/* Begin PBXTargetDependency section */
		9665319B1FB060E300AE85CA /* PBXTargetDependency */ = {
			isa = PBXTargetDependency;
			target = 966531811FB060E300AE85CA /* TravelMate */;
			targetProxy = 9665319A1FB060E300AE85CA /* PBXContainerItemProxy */;
		};
		966531A61FB060E300AE85CA /* PBXTargetDependency */ = {
			isa = PBXTargetDependency;
			target = 966531811FB060E300AE85CA /* TravelMate */;
			targetProxy = 966531A51FB060E300AE85CA /* PBXContainerItemProxy */;
		};
/* End PBXTargetDependency section */

/* Begin PBXVariantGroup section */
		966531891FB060E300AE85CA /* Main.storyboard */ = {
			isa = PBXVariantGroup;
			children = (
				9665318A1FB060E300AE85CA /* Base */,
			);
			name = Main.storyboard;
			sourceTree = "<group>";
		};
		966531911FB060E300AE85CA /* LaunchScreen.storyboard */ = {
			isa = PBXVariantGroup;
			children = (
				966531921FB060E300AE85CA /* Base */,
			);
			name = LaunchScreen.storyboard;
			sourceTree = "<group>";
		};
/* End PBXVariantGroup section */

/* Begin XCBuildConfiguration section */
		966531AB1FB060E300AE85CA /* Debug */ = {
			isa = XCBuildConfiguration;
			buildSettings = {
				ALWAYS_SEARCH_USER_PATHS = NO;
				CLANG_ANALYZER_NONNULL = YES;
				CLANG_ANALYZER_NUMBER_OBJECT_CONVERSION = YES_AGGRESSIVE;
				CLANG_CXX_LANGUAGE_STANDARD = "gnu++14";
				CLANG_CXX_LIBRARY = "libc++";
				CLANG_ENABLE_MODULES = YES;
				CLANG_ENABLE_OBJC_ARC = YES;
				CLANG_WARN_BLOCK_CAPTURE_AUTORELEASING = YES;
				CLANG_WARN_BOOL_CONVERSION = YES;
				CLANG_WARN_COMMA = YES;
				CLANG_WARN_CONSTANT_CONVERSION = YES;
				CLANG_WARN_DIRECT_OBJC_ISA_USAGE = YES_ERROR;
				CLANG_WARN_DOCUMENTATION_COMMENTS = YES;
				CLANG_WARN_EMPTY_BODY = YES;
				CLANG_WARN_ENUM_CONVERSION = YES;
				CLANG_WARN_INFINITE_RECURSION = YES;
				CLANG_WARN_INT_CONVERSION = YES;
				CLANG_WARN_NON_LITERAL_NULL_CONVERSION = YES;
				CLANG_WARN_OBJC_LITERAL_CONVERSION = YES;
				CLANG_WARN_OBJC_ROOT_CLASS = YES_ERROR;
				CLANG_WARN_RANGE_LOOP_ANALYSIS = YES;
				CLANG_WARN_STRICT_PROTOTYPES = YES;
				CLANG_WARN_SUSPICIOUS_MOVE = YES;
				CLANG_WARN_UNGUARDED_AVAILABILITY = YES_AGGRESSIVE;
				CLANG_WARN_UNREACHABLE_CODE = YES;
				CLANG_WARN__DUPLICATE_METHOD_MATCH = YES;
				CODE_SIGN_IDENTITY = "iPhone Developer";
				COPY_PHASE_STRIP = NO;
				DEBUG_INFORMATION_FORMAT = dwarf;
				ENABLE_STRICT_OBJC_MSGSEND = YES;
				ENABLE_TESTABILITY = YES;
				GCC_C_LANGUAGE_STANDARD = gnu11;
				GCC_DYNAMIC_NO_PIC = NO;
				GCC_NO_COMMON_BLOCKS = YES;
				GCC_OPTIMIZATION_LEVEL = 0;
				GCC_PREPROCESSOR_DEFINITIONS = (
					"DEBUG=1",
					"$(inherited)",
				);
				GCC_WARN_64_TO_32_BIT_CONVERSION = YES;
				GCC_WARN_ABOUT_RETURN_TYPE = YES_ERROR;
				GCC_WARN_UNDECLARED_SELECTOR = YES;
				GCC_WARN_UNINITIALIZED_AUTOS = YES_AGGRESSIVE;
				GCC_WARN_UNUSED_FUNCTION = YES;
				GCC_WARN_UNUSED_VARIABLE = YES;
				IPHONEOS_DEPLOYMENT_TARGET = 11.1;
				MTL_ENABLE_DEBUG_INFO = YES;
				ONLY_ACTIVE_ARCH = YES;
				SDKROOT = iphoneos;
				SWIFT_ACTIVE_COMPILATION_CONDITIONS = DEBUG;
				SWIFT_OPTIMIZATION_LEVEL = "-Onone";
			};
			name = Debug;
		};
		966531AC1FB060E300AE85CA /* Release */ = {
			isa = XCBuildConfiguration;
			buildSettings = {
				ALWAYS_SEARCH_USER_PATHS = NO;
				CLANG_ANALYZER_NONNULL = YES;
				CLANG_ANALYZER_NUMBER_OBJECT_CONVERSION = YES_AGGRESSIVE;
				CLANG_CXX_LANGUAGE_STANDARD = "gnu++14";
				CLANG_CXX_LIBRARY = "libc++";
				CLANG_ENABLE_MODULES = YES;
				CLANG_ENABLE_OBJC_ARC = YES;
				CLANG_WARN_BLOCK_CAPTURE_AUTORELEASING = YES;
				CLANG_WARN_BOOL_CONVERSION = YES;
				CLANG_WARN_COMMA = YES;
				CLANG_WARN_CONSTANT_CONVERSION = YES;
				CLANG_WARN_DIRECT_OBJC_ISA_USAGE = YES_ERROR;
				CLANG_WARN_DOCUMENTATION_COMMENTS = YES;
				CLANG_WARN_EMPTY_BODY = YES;
				CLANG_WARN_ENUM_CONVERSION = YES;
				CLANG_WARN_INFINITE_RECURSION = YES;
				CLANG_WARN_INT_CONVERSION = YES;
				CLANG_WARN_NON_LITERAL_NULL_CONVERSION = YES;
				CLANG_WARN_OBJC_LITERAL_CONVERSION = YES;
				CLANG_WARN_OBJC_ROOT_CLASS = YES_ERROR;
				CLANG_WARN_RANGE_LOOP_ANALYSIS = YES;
				CLANG_WARN_STRICT_PROTOTYPES = YES;
				CLANG_WARN_SUSPICIOUS_MOVE = YES;
				CLANG_WARN_UNGUARDED_AVAILABILITY = YES_AGGRESSIVE;
				CLANG_WARN_UNREACHABLE_CODE = YES;
				CLANG_WARN__DUPLICATE_METHOD_MATCH = YES;
				CODE_SIGN_IDENTITY = "iPhone Developer";
				COPY_PHASE_STRIP = NO;
				DEBUG_INFORMATION_FORMAT = "dwarf-with-dsym";
				ENABLE_NS_ASSERTIONS = NO;
				ENABLE_STRICT_OBJC_MSGSEND = YES;
				GCC_C_LANGUAGE_STANDARD = gnu11;
				GCC_NO_COMMON_BLOCKS = YES;
				GCC_WARN_64_TO_32_BIT_CONVERSION = YES;
				GCC_WARN_ABOUT_RETURN_TYPE = YES_ERROR;
				GCC_WARN_UNDECLARED_SELECTOR = YES;
				GCC_WARN_UNINITIALIZED_AUTOS = YES_AGGRESSIVE;
				GCC_WARN_UNUSED_FUNCTION = YES;
				GCC_WARN_UNUSED_VARIABLE = YES;
				IPHONEOS_DEPLOYMENT_TARGET = 11.1;
				MTL_ENABLE_DEBUG_INFO = NO;
				SDKROOT = iphoneos;
				SWIFT_OPTIMIZATION_LEVEL = "-Owholemodule";
				VALIDATE_PRODUCT = YES;
			};
			name = Release;
		};
		966531AE1FB060E300AE85CA /* Debug */ = {
			isa = XCBuildConfiguration;
			baseConfigurationReference = 96C1F4EC5DE512025AF35C0C /* Pods-TravelMate.debug.xcconfig */;
			buildSettings = {
				ASSETCATALOG_COMPILER_APPICON_NAME = AppIcon;
				CODE_SIGN_STYLE = Automatic;
				DEVELOPMENT_TEAM = 7DPD57C92N;
				INFOPLIST_FILE = TravelMate/Info.plist;
				LD_RUNPATH_SEARCH_PATHS = "$(inherited) @executable_path/Frameworks";
				PRODUCT_BUNDLE_IDENTIFIER = com.dingandji.TravelMate;
				PRODUCT_NAME = "$(TARGET_NAME)";
				SWIFT_VERSION = 4.0;
				TARGETED_DEVICE_FAMILY = "1,2";
			};
			name = Debug;
		};
		966531AF1FB060E300AE85CA /* Release */ = {
			isa = XCBuildConfiguration;
			baseConfigurationReference = 290A2E65B3E6FB35E4298FFE /* Pods-TravelMate.release.xcconfig */;
			buildSettings = {
				ASSETCATALOG_COMPILER_APPICON_NAME = AppIcon;
				CODE_SIGN_STYLE = Automatic;
				DEVELOPMENT_TEAM = 7DPD57C92N;
				INFOPLIST_FILE = TravelMate/Info.plist;
				LD_RUNPATH_SEARCH_PATHS = "$(inherited) @executable_path/Frameworks";
				PRODUCT_BUNDLE_IDENTIFIER = com.dingandji.TravelMate;
				PRODUCT_NAME = "$(TARGET_NAME)";
				SWIFT_VERSION = 4.0;
				TARGETED_DEVICE_FAMILY = "1,2";
			};
			name = Release;
		};
		966531B11FB060E300AE85CA /* Debug */ = {
			isa = XCBuildConfiguration;
			buildSettings = {
				ALWAYS_EMBED_SWIFT_STANDARD_LIBRARIES = YES;
				BUNDLE_LOADER = "$(TEST_HOST)";
				CODE_SIGN_STYLE = Automatic;
				INFOPLIST_FILE = TravelMateTests/Info.plist;
				LD_RUNPATH_SEARCH_PATHS = "$(inherited) @executable_path/Frameworks @loader_path/Frameworks";
				PRODUCT_BUNDLE_IDENTIFIER = com.dingandji.TravelMateTests;
				PRODUCT_NAME = "$(TARGET_NAME)";
				SWIFT_VERSION = 4.0;
				TARGETED_DEVICE_FAMILY = "1,2";
				TEST_HOST = "$(BUILT_PRODUCTS_DIR)/TravelMate.app/TravelMate";
			};
			name = Debug;
		};
		966531B21FB060E300AE85CA /* Release */ = {
			isa = XCBuildConfiguration;
			buildSettings = {
				ALWAYS_EMBED_SWIFT_STANDARD_LIBRARIES = YES;
				BUNDLE_LOADER = "$(TEST_HOST)";
				CODE_SIGN_STYLE = Automatic;
				INFOPLIST_FILE = TravelMateTests/Info.plist;
				LD_RUNPATH_SEARCH_PATHS = "$(inherited) @executable_path/Frameworks @loader_path/Frameworks";
				PRODUCT_BUNDLE_IDENTIFIER = com.dingandji.TravelMateTests;
				PRODUCT_NAME = "$(TARGET_NAME)";
				SWIFT_VERSION = 4.0;
				TARGETED_DEVICE_FAMILY = "1,2";
				TEST_HOST = "$(BUILT_PRODUCTS_DIR)/TravelMate.app/TravelMate";
			};
			name = Release;
		};
		966531B41FB060E300AE85CA /* Debug */ = {
			isa = XCBuildConfiguration;
			buildSettings = {
				ALWAYS_EMBED_SWIFT_STANDARD_LIBRARIES = YES;
				CODE_SIGN_STYLE = Automatic;
				INFOPLIST_FILE = TravelMateUITests/Info.plist;
				LD_RUNPATH_SEARCH_PATHS = "$(inherited) @executable_path/Frameworks @loader_path/Frameworks";
				PRODUCT_BUNDLE_IDENTIFIER = com.dingandji.TravelMateUITests;
				PRODUCT_NAME = "$(TARGET_NAME)";
				SWIFT_VERSION = 4.0;
				TARGETED_DEVICE_FAMILY = "1,2";
				TEST_TARGET_NAME = TravelMate;
			};
			name = Debug;
		};
		966531B51FB060E300AE85CA /* Release */ = {
			isa = XCBuildConfiguration;
			buildSettings = {
				ALWAYS_EMBED_SWIFT_STANDARD_LIBRARIES = YES;
				CODE_SIGN_STYLE = Automatic;
				INFOPLIST_FILE = TravelMateUITests/Info.plist;
				LD_RUNPATH_SEARCH_PATHS = "$(inherited) @executable_path/Frameworks @loader_path/Frameworks";
				PRODUCT_BUNDLE_IDENTIFIER = com.dingandji.TravelMateUITests;
				PRODUCT_NAME = "$(TARGET_NAME)";
				SWIFT_VERSION = 4.0;
				TARGETED_DEVICE_FAMILY = "1,2";
				TEST_TARGET_NAME = TravelMate;
			};
			name = Release;
		};
/* End XCBuildConfiguration section */

/* Begin XCConfigurationList section */
		9665317D1FB060E300AE85CA /* Build configuration list for PBXProject "TravelMate" */ = {
			isa = XCConfigurationList;
			buildConfigurations = (
				966531AB1FB060E300AE85CA /* Debug */,
				966531AC1FB060E300AE85CA /* Release */,
			);
			defaultConfigurationIsVisible = 0;
			defaultConfigurationName = Release;
		};
		966531AD1FB060E300AE85CA /* Build configuration list for PBXNativeTarget "TravelMate" */ = {
			isa = XCConfigurationList;
			buildConfigurations = (
				966531AE1FB060E300AE85CA /* Debug */,
				966531AF1FB060E300AE85CA /* Release */,
			);
			defaultConfigurationIsVisible = 0;
			defaultConfigurationName = Release;
		};
		966531B01FB060E300AE85CA /* Build configuration list for PBXNativeTarget "TravelMateTests" */ = {
			isa = XCConfigurationList;
			buildConfigurations = (
				966531B11FB060E300AE85CA /* Debug */,
				966531B21FB060E300AE85CA /* Release */,
			);
			defaultConfigurationIsVisible = 0;
			defaultConfigurationName = Release;
		};
		966531B31FB060E300AE85CA /* Build configuration list for PBXNativeTarget "TravelMateUITests" */ = {
			isa = XCConfigurationList;
			buildConfigurations = (
				966531B41FB060E300AE85CA /* Debug */,
				966531B51FB060E300AE85CA /* Release */,
			);
			defaultConfigurationIsVisible = 0;
			defaultConfigurationName = Release;
		};
/* End XCConfigurationList section */

/* Begin XCVersionGroup section */
		9665318C1FB060E300AE85CA /* TravelMate.xcdatamodeld */ = {
			isa = XCVersionGroup;
			children = (
				9665318D1FB060E300AE85CA /* TravelMate.xcdatamodel */,
			);
			currentVersion = 9665318D1FB060E300AE85CA /* TravelMate.xcdatamodel */;
			path = TravelMate.xcdatamodeld;
			sourceTree = "<group>";
			versionGroupType = wrapper.xcdatamodel;
		};
/* End XCVersionGroup section */
	};
	rootObject = 9665317A1FB060E300AE85CA /* Project object */;
}
